// !$*UTF8*$!
{
	archiveVersion = 1;
	classes = {
	};
	objectVersion = 46;
	objects = {

/* Begin PBXBuildFile section */
		6DBA12CC1E2061EC00FD3591 /* main.m in Sources */ = {isa = PBXBuildFile; fileRef = 6DBA12CB1E2061EC00FD3591 /* main.m */; };
		6DBA12CF1E2061EC00FD3591 /* AppDelegate.m in Sources */ = {isa = PBXBuildFile; fileRef = 6DBA12CE1E2061EC00FD3591 /* AppDelegate.m */; };
		6DBA12D21E2061EC00FD3591 /* PFXSample.xcdatamodeld in Sources */ = {isa = PBXBuildFile; fileRef = 6DBA12D01E2061EC00FD3591 /* PFXSample.xcdatamodeld */; };
		6DBA12D51E2061EC00FD3591 /* MasterViewController.m in Sources */ = {isa = PBXBuildFile; fileRef = 6DBA12D41E2061EC00FD3591 /* MasterViewController.m */; };
		6DBA12DB1E2061EC00FD3591 /* Main.storyboard in Resources */ = {isa = PBXBuildFile; fileRef = 6DBA12D91E2061EC00FD3591 /* Main.storyboard */; };
		6DBA12DD1E2061EC00FD3591 /* Assets.xcassets in Resources */ = {isa = PBXBuildFile; fileRef = 6DBA12DC1E2061EC00FD3591 /* Assets.xcassets */; };
		6DBA12E01E2061EC00FD3591 /* LaunchScreen.storyboard in Resources */ = {isa = PBXBuildFile; fileRef = 6DBA12DE1E2061EC00FD3591 /* LaunchScreen.storyboard */; };
		6DBA12F31E20626700FD3591 /* PFXLockPincodeSDK.framework in Frameworks */ = {isa = PBXBuildFile; fileRef = 6DBA12F21E20626700FD3591 /* PFXLockPincodeSDK.framework */; };
		6DBA13381E2068D800FD3591 /* PFXPluginSDK.framework in Frameworks */ = {isa = PBXBuildFile; fileRef = 6DBA13371E2068D800FD3591 /* PFXPluginSDK.framework */; };
		6DBA133A1E2068E200FD3591 /* PFXPluginSDK.framework in Embed Frameworks */ = {isa = PBXBuildFile; fileRef = 6DBA13371E2068D800FD3591 /* PFXPluginSDK.framework */; settings = {ATTRIBUTES = (CodeSignOnCopy, RemoveHeadersOnCopy, ); }; };
/* End PBXBuildFile section */

/* Begin PBXContainerItemProxy section */
		6DBA12EC1E20624000FD3591 /* PBXContainerItemProxy */ = {
			isa = PBXContainerItemProxy;
			containerPortal = 6DBA12E71E20624000FD3591 /* PFXLockPincodeSDK.xcodeproj */;
			proxyType = 2;
			remoteGlobalIDString = 6DBA12A11E205F1E00FD3591;
			remoteInfo = PFXLockPincodeSDK;
		};
		6DBA12EE1E20624600FD3591 /* PBXContainerItemProxy */ = {
			isa = PBXContainerItemProxy;
			containerPortal = 6DBA12E71E20624000FD3591 /* PFXLockPincodeSDK.xcodeproj */;
			proxyType = 1;
			remoteGlobalIDString = 6DBA12B71E2060AD00FD3591;
			remoteInfo = "PFXLockPincodeSDK-Universal";
		};
/* End PBXContainerItemProxy section */

/* Begin PBXCopyFilesBuildPhase section */
		6DBA133B1E2068E200FD3591 /* Embed Frameworks */ = {
			isa = PBXCopyFilesBuildPhase;
			buildActionMask = 2147483647;
			dstPath = "";
			dstSubfolderSpec = 10;
			files = (
				6DBA133A1E2068E200FD3591 /* PFXPluginSDK.framework in Embed Frameworks */,
			);
			name = "Embed Frameworks";
			runOnlyForDeploymentPostprocessing = 0;
		};
/* End PBXCopyFilesBuildPhase section */

/* Begin PBXFileReference section */
		6DBA12C71E2061EC00FD3591 /* PFXSample.app */ = {isa = PBXFileReference; explicitFileType = wrapper.application; includeInIndex = 0; path = PFXSample.app; sourceTree = BUILT_PRODUCTS_DIR; };
		6DBA12CB1E2061EC00FD3591 /* main.m */ = {isa = PBXFileReference; lastKnownFileType = sourcecode.c.objc; path = main.m; sourceTree = "<group>"; };
		6DBA12CD1E2061EC00FD3591 /* AppDelegate.h */ = {isa = PBXFileReference; lastKnownFileType = sourcecode.c.h; path = AppDelegate.h; sourceTree = "<group>"; };
		6DBA12CE1E2061EC00FD3591 /* AppDelegate.m */ = {isa = PBXFileReference; lastKnownFileType = sourcecode.c.objc; path = AppDelegate.m; sourceTree = "<group>"; };
		6DBA12D11E2061EC00FD3591 /* PFXSample.xcdatamodel */ = {isa = PBXFileReference; lastKnownFileType = wrapper.xcdatamodel; path = PFXSample.xcdatamodel; sourceTree = "<group>"; };
		6DBA12D31E2061EC00FD3591 /* MasterViewController.h */ = {isa = PBXFileReference; lastKnownFileType = sourcecode.c.h; path = MasterViewController.h; sourceTree = "<group>"; };
		6DBA12D41E2061EC00FD3591 /* MasterViewController.m */ = {isa = PBXFileReference; lastKnownFileType = sourcecode.c.objc; path = MasterViewController.m; sourceTree = "<group>"; };
		6DBA12DA1E2061EC00FD3591 /* Base */ = {isa = PBXFileReference; lastKnownFileType = file.storyboard; name = Base; path = Base.lproj/Main.storyboard; sourceTree = "<group>"; };
		6DBA12DC1E2061EC00FD3591 /* Assets.xcassets */ = {isa = PBXFileReference; lastKnownFileType = folder.assetcatalog; path = Assets.xcassets; sourceTree = "<group>"; };
		6DBA12DF1E2061EC00FD3591 /* Base */ = {isa = PBXFileReference; lastKnownFileType = file.storyboard; name = Base; path = Base.lproj/LaunchScreen.storyboard; sourceTree = "<group>"; };
		6DBA12E11E2061EC00FD3591 /* Info.plist */ = {isa = PBXFileReference; lastKnownFileType = text.plist.xml; path = Info.plist; sourceTree = "<group>"; };
		6DBA12E71E20624000FD3591 /* PFXLockPincodeSDK.xcodeproj */ = {isa = PBXFileReference; lastKnownFileType = "wrapper.pb-project"; name = PFXLockPincodeSDK.xcodeproj; path = ../PFXLockPincodeSDK/PFXLockPincodeSDK.xcodeproj; sourceTree = "<group>"; };
		6DBA12F21E20626700FD3591 /* PFXLockPincodeSDK.framework */ = {isa = PBXFileReference; lastKnownFileType = wrapper.framework; path = PFXLockPincodeSDK.framework; sourceTree = "<group>"; };
		6DBA12FD1E20632200FD3591 /* PrefixHeader.pch */ = {isa = PBXFileReference; lastKnownFileType = sourcecode.c.h; name = PrefixHeader.pch; path = "Supporting Files/PrefixHeader.pch"; sourceTree = "<group>"; };
		6DBA13371E2068D800FD3591 /* PFXPluginSDK.framework */ = {isa = PBXFileReference; lastKnownFileType = wrapper.framework; path = PFXPluginSDK.framework; sourceTree = "<group>"; };
/* End PBXFileReference section */

/* Begin PBXFrameworksBuildPhase section */
		6DBA12C41E2061EC00FD3591 /* Frameworks */ = {
			isa = PBXFrameworksBuildPhase;
			buildActionMask = 2147483647;
			files = (
				6DBA12F31E20626700FD3591 /* PFXLockPincodeSDK.framework in Frameworks */,
				6DBA13381E2068D800FD3591 /* PFXPluginSDK.framework in Frameworks */,
			);
			runOnlyForDeploymentPostprocessing = 0;
		};
/* End PBXFrameworksBuildPhase section */

/* Begin PBXGroup section */
		6DBA12BE1E2061EC00FD3591 = {
			isa = PBXGroup;
			children = (
				6DBA12E71E20624000FD3591 /* PFXLockPincodeSDK.xcodeproj */,
				6DBA12F01E20624E00FD3591 /* Frameworks */,
				6DBA12C91E2061EC00FD3591 /* PFXSample */,
				6DBA12C81E2061EC00FD3591 /* Products */,
			);
			sourceTree = "<group>";
		};
		6DBA12C81E2061EC00FD3591 /* Products */ = {
			isa = PBXGroup;
			children = (
				6DBA12C71E2061EC00FD3591 /* PFXSample.app */,
			);
			name = Products;
			sourceTree = "<group>";
		};
		6DBA12C91E2061EC00FD3591 /* PFXSample */ = {
			isa = PBXGroup;
			children = (
				6DBA12CD1E2061EC00FD3591 /* AppDelegate.h */,
				6DBA12CE1E2061EC00FD3591 /* AppDelegate.m */,
				6DBA12D31E2061EC00FD3591 /* MasterViewController.h */,
				6DBA12D41E2061EC00FD3591 /* MasterViewController.m */,
				6DBA12D91E2061EC00FD3591 /* Main.storyboard */,
				6DBA12DC1E2061EC00FD3591 /* Assets.xcassets */,
				6DBA12DE1E2061EC00FD3591 /* LaunchScreen.storyboard */,
				6DBA12E11E2061EC00FD3591 /* Info.plist */,
				6DBA12D01E2061EC00FD3591 /* PFXSample.xcdatamodeld */,
				6DBA12CA1E2061EC00FD3591 /* Supporting Files */,
			);
			path = PFXSample;
			sourceTree = "<group>";
		};
		6DBA12CA1E2061EC00FD3591 /* Supporting Files */ = {
			isa = PBXGroup;
			children = (
				6DBA12CB1E2061EC00FD3591 /* main.m */,
				6DBA12FD1E20632200FD3591 /* PrefixHeader.pch */,
			);
			name = "Supporting Files";
			sourceTree = "<group>";
		};
		6DBA12E81E20624000FD3591 /* Products */ = {
			isa = PBXGroup;
			children = (
				6DBA12ED1E20624000FD3591 /* PFXLockPincodeSDK.framework */,
			);
			name = Products;
			sourceTree = "<group>";
		};
		6DBA12F01E20624E00FD3591 /* Frameworks */ = {
			isa = PBXGroup;
			children = (
				6DBA12F11E20626700FD3591 /* PFXLockPincodeSDK */,
				6DBA13361E2068D800FD3591 /* PFXPluginSDK */,
			);
			name = Frameworks;
			sourceTree = "<group>";
		};
		6DBA12F11E20626700FD3591 /* PFXLockPincodeSDK */ = {
			isa = PBXGroup;
			children = (
				6DBA12F21E20626700FD3591 /* PFXLockPincodeSDK.framework */,
			);
			name = PFXLockPincodeSDK;
			path = ../ThirdLibs/PFXLockPincodeSDK;
			sourceTree = "<group>";
		};
		6DBA13361E2068D800FD3591 /* PFXPluginSDK */ = {
			isa = PBXGroup;
			children = (
				6DBA13371E2068D800FD3591 /* PFXPluginSDK.framework */,
			);
			name = PFXPluginSDK;
			path = ../ThirdLibs/PFXPluginSDK;
			sourceTree = "<group>";
		};
/* End PBXGroup section */

/* Begin PBXNativeTarget section */
		6DBA12C61E2061EC00FD3591 /* PFXSample */ = {
			isa = PBXNativeTarget;
			buildConfigurationList = 6DBA12E41E2061EC00FD3591 /* Build configuration list for PBXNativeTarget "PFXSample" */;
			buildPhases = (
				6DBA12C31E2061EC00FD3591 /* Sources */,
				6DBA12C41E2061EC00FD3591 /* Frameworks */,
				6DBA12C51E2061EC00FD3591 /* Resources */,
				6DBA133B1E2068E200FD3591 /* Embed Frameworks */,
			);
			buildRules = (
			);
			dependencies = (
				6DBA12EF1E20624600FD3591 /* PBXTargetDependency */,
			);
			name = PFXSample;
			productName = PFXSample;
			productReference = 6DBA12C71E2061EC00FD3591 /* PFXSample.app */;
			productType = "com.apple.product-type.application";
		};
/* End PBXNativeTarget section */

/* Begin PBXProject section */
		6DBA12BF1E2061EC00FD3591 /* Project object */ = {
			isa = PBXProject;
			attributes = {
				LastUpgradeCheck = 0820;
				ORGANIZATIONNAME = PFXStudio;
				TargetAttributes = {
					6DBA12C61E2061EC00FD3591 = {
						CreatedOnToolsVersion = 8.2.1;
						ProvisioningStyle = Automatic;
					};
				};
			};
			buildConfigurationList = 6DBA12C21E2061EC00FD3591 /* Build configuration list for PBXProject "PFXSample" */;
			compatibilityVersion = "Xcode 3.2";
			developmentRegion = English;
			hasScannedForEncodings = 0;
			knownRegions = (
				en,
				Base,
			);
			mainGroup = 6DBA12BE1E2061EC00FD3591;
			productRefGroup = 6DBA12C81E2061EC00FD3591 /* Products */;
			projectDirPath = "";
			projectReferences = (
				{
					ProductGroup = 6DBA12E81E20624000FD3591 /* Products */;
					ProjectRef = 6DBA12E71E20624000FD3591 /* PFXLockPincodeSDK.xcodeproj */;
				},
			);
			projectRoot = "";
			targets = (
				6DBA12C61E2061EC00FD3591 /* PFXSample */,
			);
		};
/* End PBXProject section */

/* Begin PBXReferenceProxy section */
		6DBA12ED1E20624000FD3591 /* PFXLockPincodeSDK.framework */ = {
			isa = PBXReferenceProxy;
			fileType = wrapper.framework;
			path = PFXLockPincodeSDK.framework;
			remoteRef = 6DBA12EC1E20624000FD3591 /* PBXContainerItemProxy */;
			sourceTree = BUILT_PRODUCTS_DIR;
		};
/* End PBXReferenceProxy section */

/* Begin PBXResourcesBuildPhase section */
		6DBA12C51E2061EC00FD3591 /* Resources */ = {
			isa = PBXResourcesBuildPhase;
			buildActionMask = 2147483647;
			files = (
				6DBA12E01E2061EC00FD3591 /* LaunchScreen.storyboard in Resources */,
				6DBA12DD1E2061EC00FD3591 /* Assets.xcassets in Resources */,
				6DBA12DB1E2061EC00FD3591 /* Main.storyboard in Resources */,
			);
			runOnlyForDeploymentPostprocessing = 0;
		};
/* End PBXResourcesBuildPhase section */

/* Begin PBXSourcesBuildPhase section */
		6DBA12C31E2061EC00FD3591 /* Sources */ = {
			isa = PBXSourcesBuildPhase;
			buildActionMask = 2147483647;
			files = (
				6DBA12D51E2061EC00FD3591 /* MasterViewController.m in Sources */,
				6DBA12CF1E2061EC00FD3591 /* AppDelegate.m in Sources */,
				6DBA12CC1E2061EC00FD3591 /* main.m in Sources */,
				6DBA12D21E2061EC00FD3591 /* PFXSample.xcdatamodeld in Sources */,
			);
			runOnlyForDeploymentPostprocessing = 0;
		};
/* End PBXSourcesBuildPhase section */

/* Begin PBXTargetDependency section */
		6DBA12EF1E20624600FD3591 /* PBXTargetDependency */ = {
			isa = PBXTargetDependency;
			name = "PFXLockPincodeSDK-Universal";
			targetProxy = 6DBA12EE1E20624600FD3591 /* PBXContainerItemProxy */;
		};
/* End PBXTargetDependency section */

/* Begin PBXVariantGroup section */
		6DBA12D91E2061EC00FD3591 /* Main.storyboard */ = {
			isa = PBXVariantGroup;
			children = (
				6DBA12DA1E2061EC00FD3591 /* Base */,
			);
			name = Main.storyboard;
			sourceTree = "<group>";
		};
		6DBA12DE1E2061EC00FD3591 /* LaunchScreen.storyboard */ = {
			isa = PBXVariantGroup;
			children = (
				6DBA12DF1E2061EC00FD3591 /* Base */,
			);
			name = LaunchScreen.storyboard;
			sourceTree = "<group>";
		};
/* End PBXVariantGroup section */

/* Begin XCBuildConfiguration section */
		6DBA12E21E2061EC00FD3591 /* Debug */ = {
			isa = XCBuildConfiguration;
			buildSettings = {
				ALWAYS_SEARCH_USER_PATHS = NO;
				CLANG_ANALYZER_NONNULL = YES;
				CLANG_CXX_LANGUAGE_STANDARD = "gnu++0x";
				CLANG_CXX_LIBRARY = "libc++";
				CLANG_ENABLE_MODULES = YES;
				CLANG_ENABLE_OBJC_ARC = YES;
				CLANG_WARN_BOOL_CONVERSION = YES;
				CLANG_WARN_CONSTANT_CONVERSION = YES;
				CLANG_WARN_DIRECT_OBJC_ISA_USAGE = YES_ERROR;
				CLANG_WARN_DOCUMENTATION_COMMENTS = YES;
				CLANG_WARN_EMPTY_BODY = YES;
				CLANG_WARN_ENUM_CONVERSION = YES;
				CLANG_WARN_INFINITE_RECURSION = YES;
				CLANG_WARN_INT_CONVERSION = YES;
				CLANG_WARN_OBJC_ROOT_CLASS = YES_ERROR;
				CLANG_WARN_SUSPICIOUS_MOVE = YES;
				CLANG_WARN_UNREACHABLE_CODE = YES;
				CLANG_WARN__DUPLICATE_METHOD_MATCH = YES;
				"CODE_SIGN_IDENTITY[sdk=iphoneos*]" = "iPhone Developer";
				COPY_PHASE_STRIP = NO;
				DEBUG_INFORMATION_FORMAT = dwarf;
				ENABLE_STRICT_OBJC_MSGSEND = YES;
				ENABLE_TESTABILITY = YES;
				GCC_C_LANGUAGE_STANDARD = gnu99;
				GCC_DYNAMIC_NO_PIC = NO;
				GCC_NO_COMMON_BLOCKS = YES;
				GCC_OPTIMIZATION_LEVEL = 0;
				GCC_PREPROCESSOR_DEFINITIONS = (
					"DEBUG=1",
					"$(inherited)",
				);
				GCC_WARN_64_TO_32_BIT_CONVERSION = YES;
				GCC_WARN_ABOUT_RETURN_TYPE = YES_ERROR;
				GCC_WARN_UNDECLARED_SELECTOR = YES;
				GCC_WARN_UNINITIALIZED_AUTOS = YES_AGGRESSIVE;
				GCC_WARN_UNUSED_FUNCTION = YES;
				GCC_WARN_UNUSED_VARIABLE = YES;
				IPHONEOS_DEPLOYMENT_TARGET = 10.2;
				MTL_ENABLE_DEBUG_INFO = YES;
				ONLY_ACTIVE_ARCH = YES;
				SDKROOT = iphoneos;
				TARGETED_DEVICE_FAMILY = "1,2";
			};
			name = Debug;
		};
		6DBA12E31E2061EC00FD3591 /* Release */ = {
			isa = XCBuildConfiguration;
			buildSettings = {
				ALWAYS_SEARCH_USER_PATHS = NO;
				CLANG_ANALYZER_NONNULL = YES;
				CLANG_CXX_LANGUAGE_STANDARD = "gnu++0x";
				CLANG_CXX_LIBRARY = "libc++";
				CLANG_ENABLE_MODULES = YES;
				CLANG_ENABLE_OBJC_ARC = YES;
				CLANG_WARN_BOOL_CONVERSION = YES;
				CLANG_WARN_CONSTANT_CONVERSION = YES;
				CLANG_WARN_DIRECT_OBJC_ISA_USAGE = YES_ERROR;
				CLANG_WARN_DOCUMENTATION_COMMENTS = YES;
				CLANG_WARN_EMPTY_BODY = YES;
				CLANG_WARN_ENUM_CONVERSION = YES;
				CLANG_WARN_INFINITE_RECURSION = YES;
				CLANG_WARN_INT_CONVERSION = YES;
				CLANG_WARN_OBJC_ROOT_CLASS = YES_ERROR;
				CLANG_WARN_SUSPICIOUS_MOVE = YES;
				CLANG_WARN_UNREACHABLE_CODE = YES;
				CLANG_WARN__DUPLICATE_METHOD_MATCH = YES;
				"CODE_SIGN_IDENTITY[sdk=iphoneos*]" = "iPhone Developer";
				COPY_PHASE_STRIP = NO;
				DEBUG_INFORMATION_FORMAT = "dwarf-with-dsym";
				ENABLE_NS_ASSERTIONS = NO;
				ENABLE_STRICT_OBJC_MSGSEND = YES;
				GCC_C_LANGUAGE_STANDARD = gnu99;
				GCC_NO_COMMON_BLOCKS = YES;
				GCC_WARN_64_TO_32_BIT_CONVERSION = YES;
				GCC_WARN_ABOUT_RETURN_TYPE = YES_ERROR;
				GCC_WARN_UNDECLARED_SELECTOR = YES;
				GCC_WARN_UNINITIALIZED_AUTOS = YES_AGGRESSIVE;
				GCC_WARN_UNUSED_FUNCTION = YES;
				GCC_WARN_UNUSED_VARIABLE = YES;
				IPHONEOS_DEPLOYMENT_TARGET = 10.2;
				MTL_ENABLE_DEBUG_INFO = NO;
				SDKROOT = iphoneos;
				TARGETED_DEVICE_FAMILY = "1,2";
				VALIDATE_PRODUCT = YES;
			};
			name = Release;
		};
		6DBA12E51E2061EC00FD3591 /* Debug */ = {
			isa = XCBuildConfiguration;
			buildSettings = {
				ASSETCATALOG_COMPILER_APPICON_NAME = AppIcon;
				FRAMEWORK_SEARCH_PATHS = "$(SRCROOT)/../ThirdLibs/PFXLockPincodeSDK";
				GCC_PREFIX_HEADER = "PFXSample/Supporting Files/PrefixHeader.pch";
				INFOPLIST_FILE = PFXSample/Info.plist;
				LD_RUNPATH_SEARCH_PATHS = "$(inherited) @executable_path/Frameworks";
				PRODUCT_BUNDLE_IDENTIFIER = com.pfxstudio.PFXSample;
				PRODUCT_NAME = "$(TARGET_NAME)";
			};
			name = Debug;
		};
		6DBA12E61E2061EC00FD3591 /* Release */ = {
			isa = XCBuildConfiguration;
			buildSettings = {
				ASSETCATALOG_COMPILER_APPICON_NAME = AppIcon;
				FRAMEWORK_SEARCH_PATHS = "$(SRCROOT)/../ThirdLibs/PFXLockPincodeSDK";
				GCC_PREFIX_HEADER = "PFXSample/Supporting Files/PrefixHeader.pch";
				INFOPLIST_FILE = PFXSample/Info.plist;
				LD_RUNPATH_SEARCH_PATHS = "$(inherited) @executable_path/Frameworks";
				PRODUCT_BUNDLE_IDENTIFIER = com.pfxstudio.PFXSample;
				PRODUCT_NAME = "$(TARGET_NAME)";
			};
			name = Release;
		};
/* End XCBuildConfiguration section */

/* Begin XCConfigurationList section */
		6DBA12C21E2061EC00FD3591 /* Build configuration list for PBXProject "PFXSample" */ = {
			isa = XCConfigurationList;
			buildConfigurations = (
				6DBA12E21E2061EC00FD3591 /* Debug */,
				6DBA12E31E2061EC00FD3591 /* Release */,
			);
			defaultConfigurationIsVisible = 0;
			defaultConfigurationName = Release;
		};
		6DBA12E41E2061EC00FD3591 /* Build configuration list for PBXNativeTarget "PFXSample" */ = {
			isa = XCConfigurationList;
			buildConfigurations = (
				6DBA12E51E2061EC00FD3591 /* Debug */,
				6DBA12E61E2061EC00FD3591 /* Release */,
			);
			defaultConfigurationIsVisible = 0;
			defaultConfigurationName = Release;
		};
/* End XCConfigurationList section */

/* Begin XCVersionGroup section */
		6DBA12D01E2061EC00FD3591 /* PFXSample.xcdatamodeld */ = {
			isa = XCVersionGroup;
			children = (
				6DBA12D11E2061EC00FD3591 /* PFXSample.xcdatamodel */,
			);
			currentVersion = 6DBA12D11E2061EC00FD3591 /* PFXSample.xcdatamodel */;
			path = PFXSample.xcdatamodeld;
			sourceTree = "<group>";
			versionGroupType = wrapper.xcdatamodel;
		};
/* End XCVersionGroup section */
	};
	rootObject = 6DBA12BF1E2061EC00FD3591 /* Project object */;
}
